
Microsoft Visual Studio Solution File, Format Version 12.00
# Visual Studio Version 17
VisualStudioVersion = 17.0.31903.59
MinimumVisualStudioVersion = 10.0.40219.1
Project("{FAE04EC0-301F-11D3-BF4B-00C04F79EFBC}") = "Domain", "Domain\Domain.csproj", "{11FE5706-1922-4039-BB0D-AF56147F27EB}"
EndProject
Project("{FAE04EC0-301F-11D3-BF4B-00C04F79EFBC}") = "Infrastructure", "Infrastructure\Infrastructure.csproj", "{BBD536A5-B70B-4DF4-95E1-4A1C341519BC}"
EndProject
Project("{FAE04EC0-301F-11D3-BF4B-00C04F79EFBC}") = "Api", "Api\Api.csproj", "{2B37056D-DDE8-4226-A023-B28EF42D7936}"
EndProject
Project("{FAE04EC0-301F-11D3-BF4B-00C04F79EFBC}") = "Application", "Application\Application.csproj", "{79CDCE8D-FA8E-4C4E-87F2-5CE9556603A5}"
EndProject
Project("{FAE04EC0-301F-11D3-BF4B-00C04F79EFBC}") = "Tests", "Tests\Tests.csproj", "{0B00FC88-E592-4457-B7F7-F7C404DDEE8C}"
EndProject
Global
	GlobalSection(SolutionConfigurationPlatforms) = preSolution
		Debug|Any CPU = Debug|Any CPU
		Release|Any CPU = Release|Any CPU
	EndGlobalSection
	GlobalSection(SolutionProperties) = preSolution
		HideSolutionNode = FALSE
	EndGlobalSection
	GlobalSection(ProjectConfigurationPlatforms) = postSolution
		{11FE5706-1922-4039-BB0D-AF56147F27EB}.Debug|Any CPU.ActiveCfg = Debug|Any CPU
		{11FE5706-1922-4039-BB0D-AF56147F27EB}.Debug|Any CPU.Build.0 = Debug|Any CPU
		{11FE5706-1922-4039-BB0D-AF56147F27EB}.Release|Any CPU.ActiveCfg = Release|Any CPU
		{11FE5706-1922-4039-BB0D-AF56147F27EB}.Release|Any CPU.Build.0 = Release|Any CPU
		{BBD536A5-B70B-4DF4-95E1-4A1C341519BC}.Debug|Any CPU.ActiveCfg = Debug|Any CPU
		{BBD536A5-B70B-4DF4-95E1-4A1C341519BC}.Debug|Any CPU.Build.0 = Debug|Any CPU
		{BBD536A5-B70B-4DF4-95E1-4A1C341519BC}.Release|Any CPU.ActiveCfg = Release|Any CPU
		{BBD536A5-B70B-4DF4-95E1-4A1C341519BC}.Release|Any CPU.Build.0 = Release|Any CPU
		{2B37056D-DDE8-4226-A023-B28EF42D7936}.Debug|Any CPU.ActiveCfg = Debug|Any CPU
		{2B37056D-DDE8-4226-A023-B28EF42D7936}.Debug|Any CPU.Build.0 = Debug|Any CPU
		{2B37056D-DDE8-4226-A023-B28EF42D7936}.Release|Any CPU.ActiveCfg = Release|Any CPU
		{2B37056D-DDE8-4226-A023-B28EF42D7936}.Release|Any CPU.Build.0 = Release|Any CPU
		{79CDCE8D-FA8E-4C4E-87F2-5CE9556603A5}.Debug|Any CPU.ActiveCfg = Debug|Any CPU
		{79CDCE8D-FA8E-4C4E-87F2-5CE9556603A5}.Debug|Any CPU.Build.0 = Debug|Any CPU
		{79CDCE8D-FA8E-4C4E-87F2-5CE9556603A5}.Release|Any CPU.ActiveCfg = Release|Any CPU
		{79CDCE8D-FA8E-4C4E-87F2-5CE9556603A5}.Release|Any CPU.Build.0 = Release|Any CPU
		{0B00FC88-E592-4457-B7F7-F7C404DDEE8C}.Debug|Any CPU.ActiveCfg = Debug|Any CPU
		{0B00FC88-E592-4457-B7F7-F7C404DDEE8C}.Debug|Any CPU.Build.0 = Debug|Any CPU
		{0B00FC88-E592-4457-B7F7-F7C404DDEE8C}.Release|Any CPU.ActiveCfg = Release|Any CPU
		{0B00FC88-E592-4457-B7F7-F7C404DDEE8C}.Release|Any CPU.Build.0 = Release|Any CPU
	EndGlobalSection
EndGlobal
